
Microsoft Visual Studio Solution File, Format Version 12.00
# Visual Studio Version 16
VisualStudioVersion = 16.0.29613.14
MinimumVisualStudioVersion = 10.0.40219.1
Project("{FAE04EC0-301F-11D3-BF4B-00C04F79EFBC}") = "MVC Lab Table 2", "MVC Lab Table 2\MVC Lab Table 2.csproj", "{6D013531-519B-416B-9961-E1878FA6E1FA}"
EndProject
Global
	GlobalSection(SolutionConfigurationPlatforms) = preSolution
		Debug|Any CPU = Debug|Any CPU
		Release|Any CPU = Release|Any CPU
	EndGlobalSection
	GlobalSection(ProjectConfigurationPlatforms) = postSolution
		{6D013531-519B-416B-9961-E1878FA6E1FA}.Debug|Any CPU.ActiveCfg = Debug|Any CPU
		{6D013531-519B-416B-9961-E1878FA6E1FA}.Debug|Any CPU.Build.0 = Debug|Any CPU
		{6D013531-519B-416B-9961-E1878FA6E1FA}.Release|Any CPU.ActiveCfg = Release|Any CPU
		{6D013531-519B-416B-9961-E1878FA6E1FA}.Release|Any CPU.Build.0 = Release|Any CPU
	EndGlobalSection
	GlobalSection(SolutionProperties) = preSolution
		HideSolutionNode = FALSE
	EndGlobalSection
	GlobalSection(ExtensibilityGlobals) = postSolution
		SolutionGuid = {B5DCC812-710F-4AF4-B0C0-F51917C4388F}
	EndGlobalSection
EndGlobal
